
Microsoft Visual Studio Solution File, Format Version 12.00
# Visual Studio Version 17
VisualStudioVersion = 17.11.35222.181
MinimumVisualStudioVersion = 10.0.40219.1
Project("{8BC9CEB8-8B4A-11D0-8D11-00A0C91BC942}") = "Task1", "Task1\Task1.vcxproj", "{5EBA9B6E-EB31-4432-9849-124E25D9607D}"
EndProject
Project("{8BC9CEB8-8B4A-11D0-8D11-00A0C91BC942}") = "Task2", "Task2\Task2.vcxproj", "{C8A4AF08-4F16-4126-B058-EC76B86EEA6F}"
EndProject
Project("{8BC9CEB8-8B4A-11D0-8D11-00A0C91BC942}") = "Task3", "Task3\Task3.vcxproj", "{1867F1A9-D716-4AF3-AD52-2392081CC684}"
EndProject
Project("{8BC9CEB8-8B4A-11D0-8D11-00A0C91BC942}") = "Task4", "Task4\Task4.vcxproj", "{2D5EF521-1BB3-49A4-A7B0-869840D95DCF}"
EndProject
Project("{8BC9CEB8-8B4A-11D0-8D11-00A0C91BC942}") = "Task5", "Task5\Task5.vcxproj", "{F9F91B88-D5ED-41B0-8DF6-7C71C9175D2F}"
EndProject
Project("{8BC9CEB8-8B4A-11D0-8D11-00A0C91BC942}") = "Task6", "Task6\Task6.vcxproj", "{EA881D4C-38E6-4F2F-AF3A-408A7FBA2345}"
EndProject
Project("{8BC9CEB8-8B4A-11D0-8D11-00A0C91BC942}") = "TextRPG003ClassFile", "TextRPG003ClassFile\TextRPG003ClassFile.vcxproj", "{ADAC5A93-943B-4584-B3F9-66AD5DC26F57}"
EndProject
Project("{8BC9CEB8-8B4A-11D0-8D11-00A0C91BC942}") = "TextRpgLast", "TextRpgLast\TextRpgLast.vcxproj", "{58A974E7-93F1-4486-88D3-4C0854C19308}"
EndProject
Project("{8BC9CEB8-8B4A-11D0-8D11-00A0C91BC942}") = "Template", "Template\Template.vcxproj", "{97F1A639-7005-44EA-8F6B-C43A6A2F5175}"
EndProject
Project("{8BC9CEB8-8B4A-11D0-8D11-00A0C91BC942}") = "TemplateEx", "TemplateEx\TemplateEx.vcxproj", "{42846560-9720-498A-A067-BA283D9463C6}"
EndProject
Project("{8BC9CEB8-8B4A-11D0-8D11-00A0C91BC942}") = "Vector", "Vector\Vector.vcxproj", "{01BC0E81-F834-4CCF-A895-5176B815419D}"
EndProject
Project("{8BC9CEB8-8B4A-11D0-8D11-00A0C91BC942}") = "App", "App\App.vcxproj", "{5DD09A05-4D18-41DC-800A-B7FF2817C921}"
EndProject
Project("{2150E333-8FDC-42A3-9474-1A3956D46DE8}") = "Game", "Game", "{38D09115-3BCB-4629-AC99-D22ECF21DC18}"
EndProject
Project("{2150E333-8FDC-42A3-9474-1A3956D46DE8}") = "Tetris", "Tetris", "{C6F8C8F7-6DB0-41C5-9B8F-8BEF310D497D}"
EndProject
Project("{8BC9CEB8-8B4A-11D0-8D11-00A0C91BC942}") = "TetrisContents", "TetrisContents\TetrisContents.vcxproj", "{B1BE8BA5-D2F0-4850-81E0-06F8E96AC425}"
EndProject
Project("{2150E333-8FDC-42A3-9474-1A3956D46DE8}") = "Framework", "Framework", "{2E264249-A20E-4050-9DF2-8F9FDA492FAB}"
EndProject
Project("{2150E333-8FDC-42A3-9474-1A3956D46DE8}") = "Snake", "Snake", "{399E1217-6344-4E1E-AA34-00E3D2D91BB9}"
EndProject
Project("{8BC9CEB8-8B4A-11D0-8D11-00A0C91BC942}") = "SnakeContents", "SnakeContents\SnakeContents.vcxproj", "{C6472FE5-4F33-4AF4-9EEF-2D61041556EA}"
EndProject
Project("{8BC9CEB8-8B4A-11D0-8D11-00A0C91BC942}") = "SnakeApp", "SnakeApp\SnakeApp.vcxproj", "{22AB8BBB-ADB1-4080-9BFC-620EAE9511F0}"
EndProject
Project("{2150E333-8FDC-42A3-9474-1A3956D46DE8}") = "DataStruct", "DataStruct", "{76934608-E628-4F52-9A68-7435715F756E}"
EndProject
Project("{8BC9CEB8-8B4A-11D0-8D11-00A0C91BC942}") = "Node", "Node\Node.vcxproj", "{148554ED-E0CC-4F5E-9E69-28430F973EB4}"
EndProject
Project("{8BC9CEB8-8B4A-11D0-8D11-00A0C91BC942}") = "EngineCore", "EngineCore\EngineCore.vcxproj", "{F83BA35A-295F-4844-ADD0-06FDA7CBA5F0}"
EndProject
Project("{8BC9CEB8-8B4A-11D0-8D11-00A0C91BC942}") = "EngineBase", "EngineBase\EngineBase.vcxproj", "{47E3AAD8-CC6C-46C3-86C8-B7CA1A81DA66}"
EndProject
Global
	GlobalSection(SolutionConfigurationPlatforms) = preSolution
		Debug|x64 = Debug|x64
		Debug|x86 = Debug|x86
		Release|x64 = Release|x64
		Release|x86 = Release|x86
	EndGlobalSection
	GlobalSection(ProjectConfigurationPlatforms) = postSolution
		{5EBA9B6E-EB31-4432-9849-124E25D9607D}.Debug|x64.ActiveCfg = Debug|x64
		{5EBA9B6E-EB31-4432-9849-124E25D9607D}.Debug|x64.Build.0 = Debug|x64
		{5EBA9B6E-EB31-4432-9849-124E25D9607D}.Debug|x86.ActiveCfg = Debug|Win32
		{5EBA9B6E-EB31-4432-9849-124E25D9607D}.Debug|x86.Build.0 = Debug|Win32
		{5EBA9B6E-EB31-4432-9849-124E25D9607D}.Release|x64.ActiveCfg = Release|x64
		{5EBA9B6E-EB31-4432-9849-124E25D9607D}.Release|x64.Build.0 = Release|x64
		{5EBA9B6E-EB31-4432-9849-124E25D9607D}.Release|x86.ActiveCfg = Release|Win32
		{5EBA9B6E-EB31-4432-9849-124E25D9607D}.Release|x86.Build.0 = Release|Win32
		{C8A4AF08-4F16-4126-B058-EC76B86EEA6F}.Debug|x64.ActiveCfg = Debug|x64
		{C8A4AF08-4F16-4126-B058-EC76B86EEA6F}.Debug|x64.Build.0 = Debug|x64
		{C8A4AF08-4F16-4126-B058-EC76B86EEA6F}.Debug|x86.ActiveCfg = Debug|Win32
		{C8A4AF08-4F16-4126-B058-EC76B86EEA6F}.Debug|x86.Build.0 = Debug|Win32
		{C8A4AF08-4F16-4126-B058-EC76B86EEA6F}.Release|x64.ActiveCfg = Release|x64
		{C8A4AF08-4F16-4126-B058-EC76B86EEA6F}.Release|x64.Build.0 = Release|x64
		{C8A4AF08-4F16-4126-B058-EC76B86EEA6F}.Release|x86.ActiveCfg = Release|Win32
		{C8A4AF08-4F16-4126-B058-EC76B86EEA6F}.Release|x86.Build.0 = Release|Win32
		{1867F1A9-D716-4AF3-AD52-2392081CC684}.Debug|x64.ActiveCfg = Debug|x64
		{1867F1A9-D716-4AF3-AD52-2392081CC684}.Debug|x64.Build.0 = Debug|x64
		{1867F1A9-D716-4AF3-AD52-2392081CC684}.Debug|x86.ActiveCfg = Debug|Win32
		{1867F1A9-D716-4AF3-AD52-2392081CC684}.Debug|x86.Build.0 = Debug|Win32
		{1867F1A9-D716-4AF3-AD52-2392081CC684}.Release|x64.ActiveCfg = Release|x64
		{1867F1A9-D716-4AF3-AD52-2392081CC684}.Release|x64.Build.0 = Release|x64
		{1867F1A9-D716-4AF3-AD52-2392081CC684}.Release|x86.ActiveCfg = Release|Win32
		{1867F1A9-D716-4AF3-AD52-2392081CC684}.Release|x86.Build.0 = Release|Win32
		{2D5EF521-1BB3-49A4-A7B0-869840D95DCF}.Debug|x64.ActiveCfg = Debug|x64
		{2D5EF521-1BB3-49A4-A7B0-869840D95DCF}.Debug|x64.Build.0 = Debug|x64
		{2D5EF521-1BB3-49A4-A7B0-869840D95DCF}.Debug|x86.ActiveCfg = Debug|Win32
		{2D5EF521-1BB3-49A4-A7B0-869840D95DCF}.Debug|x86.Build.0 = Debug|Win32
		{2D5EF521-1BB3-49A4-A7B0-869840D95DCF}.Release|x64.ActiveCfg = Release|x64
		{2D5EF521-1BB3-49A4-A7B0-869840D95DCF}.Release|x64.Build.0 = Release|x64
		{2D5EF521-1BB3-49A4-A7B0-869840D95DCF}.Release|x86.ActiveCfg = Release|Win32
		{2D5EF521-1BB3-49A4-A7B0-869840D95DCF}.Release|x86.Build.0 = Release|Win32
		{F9F91B88-D5ED-41B0-8DF6-7C71C9175D2F}.Debug|x64.ActiveCfg = Debug|x64
		{F9F91B88-D5ED-41B0-8DF6-7C71C9175D2F}.Debug|x64.Build.0 = Debug|x64
		{F9F91B88-D5ED-41B0-8DF6-7C71C9175D2F}.Debug|x86.ActiveCfg = Debug|Win32
		{F9F91B88-D5ED-41B0-8DF6-7C71C9175D2F}.Debug|x86.Build.0 = Debug|Win32
		{F9F91B88-D5ED-41B0-8DF6-7C71C9175D2F}.Release|x64.ActiveCfg = Release|x64
		{F9F91B88-D5ED-41B0-8DF6-7C71C9175D2F}.Release|x64.Build.0 = Release|x64
		{F9F91B88-D5ED-41B0-8DF6-7C71C9175D2F}.Release|x86.ActiveCfg = Release|Win32
		{F9F91B88-D5ED-41B0-8DF6-7C71C9175D2F}.Release|x86.Build.0 = Release|Win32
		{EA881D4C-38E6-4F2F-AF3A-408A7FBA2345}.Debug|x64.ActiveCfg = Debug|x64
		{EA881D4C-38E6-4F2F-AF3A-408A7FBA2345}.Debug|x64.Build.0 = Debug|x64
		{EA881D4C-38E6-4F2F-AF3A-408A7FBA2345}.Debug|x86.ActiveCfg = Debug|Win32
		{EA881D4C-38E6-4F2F-AF3A-408A7FBA2345}.Debug|x86.Build.0 = Debug|Win32
		{EA881D4C-38E6-4F2F-AF3A-408A7FBA2345}.Release|x64.ActiveCfg = Release|x64
		{EA881D4C-38E6-4F2F-AF3A-408A7FBA2345}.Release|x64.Build.0 = Release|x64
		{EA881D4C-38E6-4F2F-AF3A-408A7FBA2345}.Release|x86.ActiveCfg = Release|Win32
		{EA881D4C-38E6-4F2F-AF3A-408A7FBA2345}.Release|x86.Build.0 = Release|Win32
		{ADAC5A93-943B-4584-B3F9-66AD5DC26F57}.Debug|x64.ActiveCfg = Debug|x64
		{ADAC5A93-943B-4584-B3F9-66AD5DC26F57}.Debug|x64.Build.0 = Debug|x64
		{ADAC5A93-943B-4584-B3F9-66AD5DC26F57}.Debug|x86.ActiveCfg = Debug|Win32
		{ADAC5A93-943B-4584-B3F9-66AD5DC26F57}.Debug|x86.Build.0 = Debug|Win32
		{ADAC5A93-943B-4584-B3F9-66AD5DC26F57}.Release|x64.ActiveCfg = Release|x64
		{ADAC5A93-943B-4584-B3F9-66AD5DC26F57}.Release|x64.Build.0 = Release|x64
		{ADAC5A93-943B-4584-B3F9-66AD5DC26F57}.Release|x86.ActiveCfg = Release|Win32
		{ADAC5A93-943B-4584-B3F9-66AD5DC26F57}.Release|x86.Build.0 = Release|Win32
		{58A974E7-93F1-4486-88D3-4C0854C19308}.Debug|x64.ActiveCfg = Debug|x64
		{58A974E7-93F1-4486-88D3-4C0854C19308}.Debug|x64.Build.0 = Debug|x64
		{58A974E7-93F1-4486-88D3-4C0854C19308}.Debug|x86.ActiveCfg = Debug|Win32
		{58A974E7-93F1-4486-88D3-4C0854C19308}.Debug|x86.Build.0 = Debug|Win32
		{58A974E7-93F1-4486-88D3-4C0854C19308}.Release|x64.ActiveCfg = Release|x64
		{58A974E7-93F1-4486-88D3-4C0854C19308}.Release|x64.Build.0 = Release|x64
		{58A974E7-93F1-4486-88D3-4C0854C19308}.Release|x86.ActiveCfg = Release|Win32
		{58A974E7-93F1-4486-88D3-4C0854C19308}.Release|x86.Build.0 = Release|Win32
		{97F1A639-7005-44EA-8F6B-C43A6A2F5175}.Debug|x64.ActiveCfg = Debug|x64
		{97F1A639-7005-44EA-8F6B-C43A6A2F5175}.Debug|x64.Build.0 = Debug|x64
		{97F1A639-7005-44EA-8F6B-C43A6A2F5175}.Debug|x86.ActiveCfg = Debug|Win32
		{97F1A639-7005-44EA-8F6B-C43A6A2F5175}.Debug|x86.Build.0 = Debug|Win32
		{97F1A639-7005-44EA-8F6B-C43A6A2F5175}.Release|x64.ActiveCfg = Release|x64
		{97F1A639-7005-44EA-8F6B-C43A6A2F5175}.Release|x64.Build.0 = Release|x64
		{97F1A639-7005-44EA-8F6B-C43A6A2F5175}.Release|x86.ActiveCfg = Release|Win32
		{97F1A639-7005-44EA-8F6B-C43A6A2F5175}.Release|x86.Build.0 = Release|Win32
		{42846560-9720-498A-A067-BA283D9463C6}.Debug|x64.ActiveCfg = Debug|x64
		{42846560-9720-498A-A067-BA283D9463C6}.Debug|x64.Build.0 = Debug|x64
		{42846560-9720-498A-A067-BA283D9463C6}.Debug|x86.ActiveCfg = Debug|Win32
		{42846560-9720-498A-A067-BA283D9463C6}.Debug|x86.Build.0 = Debug|Win32
		{42846560-9720-498A-A067-BA283D9463C6}.Release|x64.ActiveCfg = Release|x64
		{42846560-9720-498A-A067-BA283D9463C6}.Release|x64.Build.0 = Release|x64
		{42846560-9720-498A-A067-BA283D9463C6}.Release|x86.ActiveCfg = Release|Win32
		{42846560-9720-498A-A067-BA283D9463C6}.Release|x86.Build.0 = Release|Win32
		{01BC0E81-F834-4CCF-A895-5176B815419D}.Debug|x64.ActiveCfg = Debug|x64
		{01BC0E81-F834-4CCF-A895-5176B815419D}.Debug|x64.Build.0 = Debug|x64
		{01BC0E81-F834-4CCF-A895-5176B815419D}.Debug|x86.ActiveCfg = Debug|Win32
		{01BC0E81-F834-4CCF-A895-5176B815419D}.Debug|x86.Build.0 = Debug|Win32
		{01BC0E81-F834-4CCF-A895-5176B815419D}.Release|x64.ActiveCfg = Release|x64
		{01BC0E81-F834-4CCF-A895-5176B815419D}.Release|x64.Build.0 = Release|x64
		{01BC0E81-F834-4CCF-A895-5176B815419D}.Release|x86.ActiveCfg = Release|Win32
		{01BC0E81-F834-4CCF-A895-5176B815419D}.Release|x86.Build.0 = Release|Win32
		{5DD09A05-4D18-41DC-800A-B7FF2817C921}.Debug|x64.ActiveCfg = Debug|x64
		{5DD09A05-4D18-41DC-800A-B7FF2817C921}.Debug|x64.Build.0 = Debug|x64
		{5DD09A05-4D18-41DC-800A-B7FF2817C921}.Debug|x86.ActiveCfg = Debug|Win32
		{5DD09A05-4D18-41DC-800A-B7FF2817C921}.Debug|x86.Build.0 = Debug|Win32
		{5DD09A05-4D18-41DC-800A-B7FF2817C921}.Release|x64.ActiveCfg = Release|x64
		{5DD09A05-4D18-41DC-800A-B7FF2817C921}.Release|x64.Build.0 = Release|x64
		{5DD09A05-4D18-41DC-800A-B7FF2817C921}.Release|x86.ActiveCfg = Release|Win32
		{5DD09A05-4D18-41DC-800A-B7FF2817C921}.Release|x86.Build.0 = Release|Win32
		{B1BE8BA5-D2F0-4850-81E0-06F8E96AC425}.Debug|x64.ActiveCfg = Debug|x64
		{B1BE8BA5-D2F0-4850-81E0-06F8E96AC425}.Debug|x64.Build.0 = Debug|x64
		{B1BE8BA5-D2F0-4850-81E0-06F8E96AC425}.Debug|x86.ActiveCfg = Debug|Win32
		{B1BE8BA5-D2F0-4850-81E0-06F8E96AC425}.Debug|x86.Build.0 = Debug|Win32
		{B1BE8BA5-D2F0-4850-81E0-06F8E96AC425}.Release|x64.ActiveCfg = Release|x64
		{B1BE8BA5-D2F0-4850-81E0-06F8E96AC425}.Release|x64.Build.0 = Release|x64
		{B1BE8BA5-D2F0-4850-81E0-06F8E96AC425}.Release|x86.ActiveCfg = Release|Win32
		{B1BE8BA5-D2F0-4850-81E0-06F8E96AC425}.Release|x86.Build.0 = Release|Win32
		{C6472FE5-4F33-4AF4-9EEF-2D61041556EA}.Debug|x64.ActiveCfg = Debug|x64
		{C6472FE5-4F33-4AF4-9EEF-2D61041556EA}.Debug|x64.Build.0 = Debug|x64
		{C6472FE5-4F33-4AF4-9EEF-2D61041556EA}.Debug|x86.ActiveCfg = Debug|Win32
		{C6472FE5-4F33-4AF4-9EEF-2D61041556EA}.Debug|x86.Build.0 = Debug|Win32
		{C6472FE5-4F33-4AF4-9EEF-2D61041556EA}.Release|x64.ActiveCfg = Release|x64
		{C6472FE5-4F33-4AF4-9EEF-2D61041556EA}.Release|x64.Build.0 = Release|x64
		{C6472FE5-4F33-4AF4-9EEF-2D61041556EA}.Release|x86.ActiveCfg = Release|Win32
		{C6472FE5-4F33-4AF4-9EEF-2D61041556EA}.Release|x86.Build.0 = Release|Win32
		{22AB8BBB-ADB1-4080-9BFC-620EAE9511F0}.Debug|x64.ActiveCfg = Debug|x64
		{22AB8BBB-ADB1-4080-9BFC-620EAE9511F0}.Debug|x64.Build.0 = Debug|x64
		{22AB8BBB-ADB1-4080-9BFC-620EAE9511F0}.Debug|x86.ActiveCfg = Debug|Win32
		{22AB8BBB-ADB1-4080-9BFC-620EAE9511F0}.Debug|x86.Build.0 = Debug|Win32
		{22AB8BBB-ADB1-4080-9BFC-620EAE9511F0}.Release|x64.ActiveCfg = Release|x64
		{22AB8BBB-ADB1-4080-9BFC-620EAE9511F0}.Release|x64.Build.0 = Release|x64
		{22AB8BBB-ADB1-4080-9BFC-620EAE9511F0}.Release|x86.ActiveCfg = Release|Win32
		{22AB8BBB-ADB1-4080-9BFC-620EAE9511F0}.Release|x86.Build.0 = Release|Win32
		{148554ED-E0CC-4F5E-9E69-28430F973EB4}.Debug|x64.ActiveCfg = Debug|x64
		{148554ED-E0CC-4F5E-9E69-28430F973EB4}.Debug|x64.Build.0 = Debug|x64
		{148554ED-E0CC-4F5E-9E69-28430F973EB4}.Debug|x86.ActiveCfg = Debug|Win32
		{148554ED-E0CC-4F5E-9E69-28430F973EB4}.Debug|x86.Build.0 = Debug|Win32
		{148554ED-E0CC-4F5E-9E69-28430F973EB4}.Release|x64.ActiveCfg = Release|x64
		{148554ED-E0CC-4F5E-9E69-28430F973EB4}.Release|x64.Build.0 = Release|x64
		{148554ED-E0CC-4F5E-9E69-28430F973EB4}.Release|x86.ActiveCfg = Release|Win32
		{148554ED-E0CC-4F5E-9E69-28430F973EB4}.Release|x86.Build.0 = Release|Win32
		{F83BA35A-295F-4844-ADD0-06FDA7CBA5F0}.Debug|x64.ActiveCfg = Debug|x64
		{F83BA35A-295F-4844-ADD0-06FDA7CBA5F0}.Debug|x64.Build.0 = Debug|x64
		{F83BA35A-295F-4844-ADD0-06FDA7CBA5F0}.Debug|x86.ActiveCfg = Debug|Win32
		{F83BA35A-295F-4844-ADD0-06FDA7CBA5F0}.Debug|x86.Build.0 = Debug|Win32
		{F83BA35A-295F-4844-ADD0-06FDA7CBA5F0}.Release|x64.ActiveCfg = Release|x64
		{F83BA35A-295F-4844-ADD0-06FDA7CBA5F0}.Release|x64.Build.0 = Release|x64
		{F83BA35A-295F-4844-ADD0-06FDA7CBA5F0}.Release|x86.ActiveCfg = Release|Win32
		{F83BA35A-295F-4844-ADD0-06FDA7CBA5F0}.Release|x86.Build.0 = Release|Win32
		{47E3AAD8-CC6C-46C3-86C8-B7CA1A81DA66}.Debug|x64.ActiveCfg = Debug|x64
		{47E3AAD8-CC6C-46C3-86C8-B7CA1A81DA66}.Debug|x64.Build.0 = Debug|x64
		{47E3AAD8-CC6C-46C3-86C8-B7CA1A81DA66}.Debug|x86.ActiveCfg = Debug|Win32
		{47E3AAD8-CC6C-46C3-86C8-B7CA1A81DA66}.Debug|x86.Build.0 = Debug|Win32
		{47E3AAD8-CC6C-46C3-86C8-B7CA1A81DA66}.Release|x64.ActiveCfg = Release|x64
		{47E3AAD8-CC6C-46C3-86C8-B7CA1A81DA66}.Release|x64.Build.0 = Release|x64
		{47E3AAD8-CC6C-46C3-86C8-B7CA1A81DA66}.Release|x86.ActiveCfg = Release|Win32
		{47E3AAD8-CC6C-46C3-86C8-B7CA1A81DA66}.Release|x86.Build.0 = Release|Win32
	EndGlobalSection
	GlobalSection(SolutionProperties) = preSolution
		HideSolutionNode = FALSE
	EndGlobalSection
	GlobalSection(NestedProjects) = preSolution
		{01BC0E81-F834-4CCF-A895-5176B815419D} = {76934608-E628-4F52-9A68-7435715F756E}
		{5DD09A05-4D18-41DC-800A-B7FF2817C921} = {C6F8C8F7-6DB0-41C5-9B8F-8BEF310D497D}
		{C6F8C8F7-6DB0-41C5-9B8F-8BEF310D497D} = {38D09115-3BCB-4629-AC99-D22ECF21DC18}
		{B1BE8BA5-D2F0-4850-81E0-06F8E96AC425} = {C6F8C8F7-6DB0-41C5-9B8F-8BEF310D497D}
		{399E1217-6344-4E1E-AA34-00E3D2D91BB9} = {38D09115-3BCB-4629-AC99-D22ECF21DC18}
		{C6472FE5-4F33-4AF4-9EEF-2D61041556EA} = {399E1217-6344-4E1E-AA34-00E3D2D91BB9}
		{22AB8BBB-ADB1-4080-9BFC-620EAE9511F0} = {399E1217-6344-4E1E-AA34-00E3D2D91BB9}
		{148554ED-E0CC-4F5E-9E69-28430F973EB4} = {76934608-E628-4F52-9A68-7435715F756E}
		{F83BA35A-295F-4844-ADD0-06FDA7CBA5F0} = {2E264249-A20E-4050-9DF2-8F9FDA492FAB}
		{47E3AAD8-CC6C-46C3-86C8-B7CA1A81DA66} = {2E264249-A20E-4050-9DF2-8F9FDA492FAB}
	EndGlobalSection
	GlobalSection(ExtensibilityGlobals) = postSolution
		SolutionGuid = {45546D20-DEBE-4D6C-9FC0-BFDD403E0243}
	EndGlobalSection
EndGlobal
